{
  "version": 4,
  "terraform_version": "1.11.4",
  "serial": 26,
  "lineage": "18bb54f3-c6ef-9b44-d88d-adb62f9b534e",
  "outputs": {},
  "resources": [
    {
      "mode": "managed",
      "type": "github_repository",
      "name": "mtc-repo",
      "provider": "provider[\"registry.terraform.io/integrations/github\"]",
      "instances": [
        {
          "index_key": 0,
          "schema_version": 1,
          "attributes": {
            "allow_auto_merge": false,
            "allow_merge_commit": true,
            "allow_rebase_merge": true,
            "allow_squash_merge": true,
            "allow_update_branch": false,
            "archive_on_destroy": null,
            "archived": false,
            "auto_init": true,
            "default_branch": "main",
            "delete_branch_on_merge": false,
            "description": "Code for MTC",
            "etag": "W/\"7699037d4473e62310291d867c126df10298b41eddbe44b95aae1f65fde405a6\"",
            "full_name": "dnbhed/mtc-repo-11400",
            "git_clone_url": "git://github.com/dnbhed/mtc-repo-11400.git",
            "gitignore_template": null,
            "has_discussions": false,
            "has_downloads": false,
            "has_issues": false,
            "has_projects": false,
            "has_wiki": false,
            "homepage_url": "",
            "html_url": "https://github.com/dnbhed/mtc-repo-11400",
            "http_clone_url": "https://github.com/dnbhed/mtc-repo-11400.git",
            "id": "mtc-repo-11400",
            "ignore_vulnerability_alerts_during_read": null,
            "is_template": false,
            "license_template": null,
            "merge_commit_message": "PR_TITLE",
            "merge_commit_title": "MERGE_MESSAGE",
            "name": "mtc-repo-11400",
            "node_id": "R_kgDOO4r4iA",
            "pages": [],
            "primary_language": "",
            "private": true,
            "repo_id": 998963336,
            "security_and_analysis": [],
            "squash_merge_commit_message": "COMMIT_MESSAGES",
            "squash_merge_commit_title": "COMMIT_OR_PR_TITLE",
            "ssh_clone_url": "git@github.com:dnbhed/mtc-repo-11400.git",
            "svn_url": "https://github.com/dnbhed/mtc-repo-11400",
            "template": [],
            "topics": [],
            "visibility": "private",
            "vulnerability_alerts": false,
            "web_commit_signoff_required": false
          },
          "sensitive_attributes": [],
          "private": "eyJzY2hlbWFfdmVyc2lvbiI6IjEifQ==",
          "dependencies": [
            "random_id.random"
          ]
        },
        {
          "index_key": 1,
          "schema_version": 1,
          "attributes": {
            "allow_auto_merge": false,
            "allow_merge_commit": true,
            "allow_rebase_merge": true,
            "allow_squash_merge": true,
            "allow_update_branch": false,
            "archive_on_destroy": null,
            "archived": false,
            "auto_init": true,
            "default_branch": "main",
            "delete_branch_on_merge": false,
            "description": "Code for MTC",
            "etag": "W/\"3bee2c46c420bd732455f015e1b7c7c63374dce18401be2ab944a1106018e0c1\"",
            "full_name": "dnbhed/mtc-repo-16185",
            "git_clone_url": "git://github.com/dnbhed/mtc-repo-16185.git",
            "gitignore_template": null,
            "has_discussions": false,
            "has_downloads": false,
            "has_issues": false,
            "has_projects": false,
            "has_wiki": false,
            "homepage_url": "",
            "html_url": "https://github.com/dnbhed/mtc-repo-16185",
            "http_clone_url": "https://github.com/dnbhed/mtc-repo-16185.git",
            "id": "mtc-repo-16185",
            "ignore_vulnerability_alerts_during_read": null,
            "is_template": false,
            "license_template": null,
            "merge_commit_message": "PR_TITLE",
            "merge_commit_title": "MERGE_MESSAGE",
            "name": "mtc-repo-16185",
            "node_id": "R_kgDOO4szJQ",
            "pages": [],
            "primary_language": "",
            "private": true,
            "repo_id": 998978341,
            "security_and_analysis": [],
            "squash_merge_commit_message": "COMMIT_MESSAGES",
            "squash_merge_commit_title": "COMMIT_OR_PR_TITLE",
            "ssh_clone_url": "git@github.com:dnbhed/mtc-repo-16185.git",
            "svn_url": "https://github.com/dnbhed/mtc-repo-16185",
            "template": [],
            "topics": [],
            "visibility": "private",
            "vulnerability_alerts": false,
            "web_commit_signoff_required": false
          },
          "sensitive_attributes": [],
          "private": "eyJzY2hlbWFfdmVyc2lvbiI6IjEifQ==",
          "dependencies": [
            "random_id.random"
          ]
        }
      ]
    },
    {
      "mode": "managed",
      "type": "github_repository_file",
      "name": "index",
      "provider": "provider[\"registry.terraform.io/integrations/github\"]",
      "instances": [
        {
          "index_key": 0,
          "schema_version": 0,
          "attributes": {
            "autocreate_branch": null,
            "autocreate_branch_source_branch": null,
            "autocreate_branch_source_sha": null,
            "branch": "main",
            "commit_author": null,
            "commit_email": null,
            "commit_message": "Add index.html",
            "commit_sha": "b77d70e6bbb8f35f93a58bbf687ccfb1c600cf9d",
            "content": "Hello Terraform!",
            "file": "index.html",
            "id": "mtc-repo-11400/index.html",
            "overwrite_on_create": true,
            "ref": "main",
            "repository": "mtc-repo-11400",
            "sha": "61f50a3116a3a218543b62251d1e689970c817cc"
          },
          "sensitive_attributes": [],
          "private": "bnVsbA==",
          "dependencies": [
            "github_repository.mtc-repo",
            "random_id.random"
          ]
        },
        {
          "index_key": 1,
          "schema_version": 0,
          "attributes": {
            "autocreate_branch": null,
            "autocreate_branch_source_branch": null,
            "autocreate_branch_source_sha": null,
            "branch": "main",
            "commit_author": null,
            "commit_email": null,
            "commit_message": "Add index.html",
            "commit_sha": "73c649f8c1b3c40f0bd6f68a44351953cc91d77b",
            "content": "Hello Terraform!",
            "file": "index.html",
            "id": "mtc-repo-16185/index.html",
            "overwrite_on_create": true,
            "ref": "main",
            "repository": "mtc-repo-16185",
            "sha": "61f50a3116a3a218543b62251d1e689970c817cc"
          },
          "sensitive_attributes": [],
          "private": "bnVsbA==",
          "dependencies": [
            "github_repository.mtc-repo",
            "random_id.random"
          ]
        }
      ]
    },
    {
      "mode": "managed",
      "type": "github_repository_file",
      "name": "readme",
      "provider": "provider[\"registry.terraform.io/integrations/github\"]",
      "instances": [
        {
          "index_key": 0,
          "schema_version": 0,
          "attributes": {
            "autocreate_branch": null,
            "autocreate_branch_source_branch": null,
            "autocreate_branch_source_sha": null,
            "branch": "main",
            "commit_author": null,
            "commit_email": null,
            "commit_message": "Add README.md",
            "commit_sha": "5541531f3824c3b840e09a6b0cc4104263a3b474",
            "content": "# This repository is for infra devs",
            "file": "README.md",
            "id": "mtc-repo-11400/README.md",
            "overwrite_on_create": true,
            "ref": "main",
            "repository": "mtc-repo-11400",
            "sha": "bb7b0f6c34ff887e450299864f32f574b5195c1b"
          },
          "sensitive_attributes": [],
          "private": "bnVsbA==",
          "dependencies": [
            "github_repository.mtc-repo",
            "random_id.random"
          ]
        },
        {
          "index_key": 1,
          "schema_version": 0,
          "attributes": {
            "autocreate_branch": null,
            "autocreate_branch_source_branch": null,
            "autocreate_branch_source_sha": null,
            "branch": "main",
            "commit_author": null,
            "commit_email": null,
            "commit_message": "Add README.md",
            "commit_sha": "90b36784fec9b0610ad82f4748f5a3b83dec2c33",
            "content": "# This repository is for infra devs",
            "file": "README.md",
            "id": "mtc-repo-16185/README.md",
            "overwrite_on_create": true,
            "ref": "main",
            "repository": "mtc-repo-16185",
            "sha": "bb7b0f6c34ff887e450299864f32f574b5195c1b"
          },
          "sensitive_attributes": [],
          "private": "bnVsbA==",
          "dependencies": [
            "github_repository.mtc-repo",
            "random_id.random"
          ]
        }
      ]
    },
    {
      "mode": "managed",
      "type": "random_id",
      "name": "random",
      "provider": "provider[\"registry.terraform.io/hashicorp/random\"]",
      "instances": [
        {
          "index_key": 0,
          "schema_version": 0,
          "attributes": {
            "b64_std": "LIg=",
            "b64_url": "LIg",
            "byte_length": 2,
            "dec": "11400",
            "hex": "2c88",
            "id": "LIg",
            "keepers": null,
            "prefix": null
          },
          "sensitive_attributes": []
        },
        {
          "index_key": 1,
          "schema_version": 0,
          "attributes": {
            "b64_std": "Pzk=",
            "b64_url": "Pzk",
            "byte_length": 2,
            "dec": "16185",
            "hex": "3f39",
            "id": "Pzk",
            "keepers": null,
            "prefix": null
          },
          "sensitive_attributes": []
        }
      ]
    }
  ],
  "check_results": null
}
